
Microsoft Visual Studio Solution File, Format Version 12.00
# Visual Studio Version 17
VisualStudioVersion = 17.2.32526.322
MinimumVisualStudioVersion = 10.0.40219.1
Project("{FAE04EC0-301F-11D3-BF4B-00C04F79EFBC}") = "RichTextBox_kontrola", "RichTextBox_kontrola\RichTextBox_kontrola.csproj", "{06770FFA-F10B-4E7C-919B-51D941B91422}"
EndProject
Global
	GlobalSection(SolutionConfigurationPlatforms) = preSolution
		Debug|Any CPU = Debug|Any CPU
		Release|Any CPU = Release|Any CPU
	EndGlobalSection
	GlobalSection(ProjectConfigurationPlatforms) = postSolution
		{06770FFA-F10B-4E7C-919B-51D941B91422}.Debug|Any CPU.ActiveCfg = Debug|Any CPU
		{06770FFA-F10B-4E7C-919B-51D941B91422}.Debug|Any CPU.Build.0 = Debug|Any CPU
		{06770FFA-F10B-4E7C-919B-51D941B91422}.Release|Any CPU.ActiveCfg = Release|Any CPU
		{06770FFA-F10B-4E7C-919B-51D941B91422}.Release|Any CPU.Build.0 = Release|Any CPU
	EndGlobalSection
	GlobalSection(SolutionProperties) = preSolution
		HideSolutionNode = FALSE
	EndGlobalSection
	GlobalSection(ExtensibilityGlobals) = postSolution
		SolutionGuid = {920BEE8B-4454-4924-A1E9-E051024197DE}
	EndGlobalSection
EndGlobal
